
Microsoft Visual Studio Solution File, Format Version 12.00
# Visual Studio Version 17
VisualStudioVersion = 17.4.33403.182
MinimumVisualStudioVersion = 10.0.40219.1
Project("{FAE04EC0-301F-11D3-BF4B-00C04F79EFBC}") = "reverseString", "reverseString\reverseString.csproj", "{9BFCD9A6-EEC5-47A8-A184-93F1B3784011}"
EndProject
Global
	GlobalSection(SolutionConfigurationPlatforms) = preSolution
		Debug|Any CPU = Debug|Any CPU
		Release|Any CPU = Release|Any CPU
	EndGlobalSection
	GlobalSection(ProjectConfigurationPlatforms) = postSolution
		{9BFCD9A6-EEC5-47A8-A184-93F1B3784011}.Debug|Any CPU.ActiveCfg = Debug|Any CPU
		{9BFCD9A6-EEC5-47A8-A184-93F1B3784011}.Debug|Any CPU.Build.0 = Debug|Any CPU
		{9BFCD9A6-EEC5-47A8-A184-93F1B3784011}.Release|Any CPU.ActiveCfg = Release|Any CPU
		{9BFCD9A6-EEC5-47A8-A184-93F1B3784011}.Release|Any CPU.Build.0 = Release|Any CPU
	EndGlobalSection
	GlobalSection(SolutionProperties) = preSolution
		HideSolutionNode = FALSE
	EndGlobalSection
	GlobalSection(ExtensibilityGlobals) = postSolution
		SolutionGuid = {491A18B7-D4B5-413E-96EA-1C3077287690}
	EndGlobalSection
EndGlobal
